
Microsoft Visual Studio Solution File, Format Version 12.00
# Visual Studio 15
VisualStudioVersion = 15.0.28307.1433
MinimumVisualStudioVersion = 10.0.40219.1
Project("{FAE04EC0-301F-11D3-BF4B-00C04F79EFBC}") = "FirstAssign", "FirstAssign\FirstAssign.csproj", "{EF5D4E7C-1B16-4502-ADC0-01BD4C6B883E}"
EndProject
Project("{FAE04EC0-301F-11D3-BF4B-00C04F79EFBC}") = "ClassLibrary1", "ClassLibrary1\ClassLibrary1.csproj", "{8BA208DF-33B2-4B8E-A57A-4C432BC05271}"
EndProject
Global
	GlobalSection(SolutionConfigurationPlatforms) = preSolution
		Debug|Any CPU = Debug|Any CPU
		Release|Any CPU = Release|Any CPU
	EndGlobalSection
	GlobalSection(ProjectConfigurationPlatforms) = postSolution
		{EF5D4E7C-1B16-4502-ADC0-01BD4C6B883E}.Debug|Any CPU.ActiveCfg = Debug|Any CPU
		{EF5D4E7C-1B16-4502-ADC0-01BD4C6B883E}.Debug|Any CPU.Build.0 = Debug|Any CPU
		{EF5D4E7C-1B16-4502-ADC0-01BD4C6B883E}.Release|Any CPU.ActiveCfg = Release|Any CPU
		{EF5D4E7C-1B16-4502-ADC0-01BD4C6B883E}.Release|Any CPU.Build.0 = Release|Any CPU
		{8BA208DF-33B2-4B8E-A57A-4C432BC05271}.Debug|Any CPU.ActiveCfg = Debug|Any CPU
		{8BA208DF-33B2-4B8E-A57A-4C432BC05271}.Debug|Any CPU.Build.0 = Debug|Any CPU
		{8BA208DF-33B2-4B8E-A57A-4C432BC05271}.Release|Any CPU.ActiveCfg = Release|Any CPU
		{8BA208DF-33B2-4B8E-A57A-4C432BC05271}.Release|Any CPU.Build.0 = Release|Any CPU
	EndGlobalSection
	GlobalSection(SolutionProperties) = preSolution
		HideSolutionNode = FALSE
	EndGlobalSection
	GlobalSection(ExtensibilityGlobals) = postSolution
		SolutionGuid = {29141F5F-E911-4536-910A-A739CC75ECF3}
	EndGlobalSection
EndGlobal
